
Microsoft Visual Studio Solution File, Format Version 12.00
# Visual Studio Version 16
VisualStudioVersion = 16.0.31515.178
MinimumVisualStudioVersion = 10.0.40219.1
Project("{FAE04EC0-301F-11D3-BF4B-00C04F79EFBC}") = "baitapbuoi7", "baitapbuoi7.csproj", "{981378DB-8399-4A6B-8312-61FFA0D9E899}"
EndProject
Global
	GlobalSection(SolutionConfigurationPlatforms) = preSolution
		Debug|Any CPU = Debug|Any CPU
		Release|Any CPU = Release|Any CPU
	EndGlobalSection
	GlobalSection(ProjectConfigurationPlatforms) = postSolution
		{981378DB-8399-4A6B-8312-61FFA0D9E899}.Debug|Any CPU.ActiveCfg = Debug|Any CPU
		{981378DB-8399-4A6B-8312-61FFA0D9E899}.Debug|Any CPU.Build.0 = Debug|Any CPU
		{981378DB-8399-4A6B-8312-61FFA0D9E899}.Release|Any CPU.ActiveCfg = Release|Any CPU
		{981378DB-8399-4A6B-8312-61FFA0D9E899}.Release|Any CPU.Build.0 = Release|Any CPU
	EndGlobalSection
	GlobalSection(SolutionProperties) = preSolution
		HideSolutionNode = FALSE
	EndGlobalSection
	GlobalSection(ExtensibilityGlobals) = postSolution
		SolutionGuid = {366EE4EA-9265-4134-8C72-50B82A0D5C37}
	EndGlobalSection
EndGlobal
